
Microsoft Visual Studio Solution File, Format Version 12.00
Project("{FAE04EC0-301F-11D3-BF4B-00C04F79EFBC}") = "Chess", "Chess\Chess.csproj", "{09E816DA-91C7-43E2-ADFC-23313E1E9407}"
EndProject
Global
	GlobalSection(SolutionConfigurationPlatforms) = preSolution
		Debug|Any CPU = Debug|Any CPU
		Release|Any CPU = Release|Any CPU
	EndGlobalSection
	GlobalSection(ProjectConfigurationPlatforms) = postSolution
		{09E816DA-91C7-43E2-ADFC-23313E1E9407}.Debug|Any CPU.ActiveCfg = Debug|Any CPU
		{09E816DA-91C7-43E2-ADFC-23313E1E9407}.Debug|Any CPU.Build.0 = Debug|Any CPU
		{09E816DA-91C7-43E2-ADFC-23313E1E9407}.Release|Any CPU.ActiveCfg = Release|Any CPU
		{09E816DA-91C7-43E2-ADFC-23313E1E9407}.Release|Any CPU.Build.0 = Release|Any CPU
	EndGlobalSection
EndGlobal
